
Microsoft Visual Studio Solution File, Format Version 12.00
# Visual Studio Version 16
VisualStudioVersion = 16.0.30717.126
MinimumVisualStudioVersion = 10.0.40219.1
Project("{FAE04EC0-301F-11D3-BF4B-00C04F79EFBC}") = "VariousTest", "VariousTest\VariousTest.csproj", "{284A2040-D73E-45DC-A6F4-F8A7EDF9771D}"
EndProject
Project("{FAE04EC0-301F-11D3-BF4B-00C04F79EFBC}") = "WinServiceTest", "WinServiceTest\WinServiceTest.csproj", "{3D54E1FB-85E9-47F8-BAA3-43F66B14E007}"
EndProject
Global
	GlobalSection(SolutionConfigurationPlatforms) = preSolution
		Debug|Any CPU = Debug|Any CPU
		Release|Any CPU = Release|Any CPU
	EndGlobalSection
	GlobalSection(ProjectConfigurationPlatforms) = postSolution
		{284A2040-D73E-45DC-A6F4-F8A7EDF9771D}.Debug|Any CPU.ActiveCfg = Debug|Any CPU
		{284A2040-D73E-45DC-A6F4-F8A7EDF9771D}.Debug|Any CPU.Build.0 = Debug|Any CPU
		{284A2040-D73E-45DC-A6F4-F8A7EDF9771D}.Release|Any CPU.ActiveCfg = Release|Any CPU
		{284A2040-D73E-45DC-A6F4-F8A7EDF9771D}.Release|Any CPU.Build.0 = Release|Any CPU
		{3D54E1FB-85E9-47F8-BAA3-43F66B14E007}.Debug|Any CPU.ActiveCfg = Debug|Any CPU
		{3D54E1FB-85E9-47F8-BAA3-43F66B14E007}.Debug|Any CPU.Build.0 = Debug|Any CPU
		{3D54E1FB-85E9-47F8-BAA3-43F66B14E007}.Release|Any CPU.ActiveCfg = Release|Any CPU
		{3D54E1FB-85E9-47F8-BAA3-43F66B14E007}.Release|Any CPU.Build.0 = Release|Any CPU
	EndGlobalSection
	GlobalSection(SolutionProperties) = preSolution
		HideSolutionNode = FALSE
	EndGlobalSection
	GlobalSection(ExtensibilityGlobals) = postSolution
		SolutionGuid = {AF8F3E44-A355-4462-A9A0-EFD76FD680A9}
	EndGlobalSection
EndGlobal
